// !$*UTF8*$!
{
	archiveVersion = 1;
	classes = {
	};
	objectVersion = 77;
	objects = {

/* Begin PBXBuildFile section */
		C042927D2EC0BFB3005CFE8C /* libbevy_mobile_embedded_example.dylib in Frameworks */ = {isa = PBXBuildFile; fileRef = C042927C2EC0BFB3005CFE8C /* libbevy_mobile_embedded_example.dylib */; };
		C042927E2EC0BFB3005CFE8C /* libbevy_mobile_embedded_example.dylib in Embed Libraries */ = {isa = PBXBuildFile; fileRef = C042927C2EC0BFB3005CFE8C /* libbevy_mobile_embedded_example.dylib */; settings = {ATTRIBUTES = (CodeSignOnCopy, ); }; };
		C042EB392EBAADD000CD02B8 /* AudioToolbox.framework in Frameworks */ = {isa = PBXBuildFile; fileRef = C042EB382EBAADD000CD02B8 /* AudioToolbox.framework */; };
		C0F24CB52EBBDA4900439A98 /* Metal.framework in Frameworks */ = {isa = PBXBuildFile; fileRef = C0F24CB32EBBDA4900439A98 /* Metal.framework */; };
		C0F24CB62EBBDA4900439A98 /* MetalKit.framework in Frameworks */ = {isa = PBXBuildFile; fileRef = C0F24CB42EBBDA4900439A98 /* MetalKit.framework */; };
		C0F24CB82EBBDA4F00439A98 /* UIKit.framework in Frameworks */ = {isa = PBXBuildFile; fileRef = C0F24CB72EBBDA4F00439A98 /* UIKit.framework */; };
		C0F24CBA2EBBDA5600439A98 /* QuartzCore.framework in Frameworks */ = {isa = PBXBuildFile; fileRef = C0F24CB92EBBDA5600439A98 /* QuartzCore.framework */; };
/* End PBXBuildFile section */

/* Begin PBXContainerItemProxy section */
		C03A20132EBA98CF006472A2 /* PBXContainerItemProxy */ = {
			isa = PBXContainerItemProxy;
			containerPortal = C03A1FFD2EBA98CD006472A2 /* Project object */;
			proxyType = 1;
			remoteGlobalIDString = C03A20042EBA98CD006472A2;
			remoteInfo = "test-bevy-embedded";
		};
		C03A201D2EBA98CF006472A2 /* PBXContainerItemProxy */ = {
			isa = PBXContainerItemProxy;
			containerPortal = C03A1FFD2EBA98CD006472A2 /* Project object */;
			proxyType = 1;
			remoteGlobalIDString = C03A20042EBA98CD006472A2;
			remoteInfo = "test-bevy-embedded";
		};
/* End PBXContainerItemProxy section */

/* Begin PBXCopyFilesBuildPhase section */
		C0D155F02EBBE2290089A1CF /* Embed Libraries */ = {
			isa = PBXCopyFilesBuildPhase;
			buildActionMask = 2147483647;
			dstPath = "";
			dstSubfolderSpec = 10;
			files = (
				C042927E2EC0BFB3005CFE8C /* libbevy_mobile_embedded_example.dylib in Embed Libraries */,
			);
			name = "Embed Libraries";
			runOnlyForDeploymentPostprocessing = 0;
		};
/* End PBXCopyFilesBuildPhase section */

/* Begin PBXFileReference section */
		C03A20052EBA98CD006472A2 /* test-bevy-embedded.app */ = {isa = PBXFileReference; explicitFileType = wrapper.application; includeInIndex = 0; path = "test-bevy-embedded.app"; sourceTree = BUILT_PRODUCTS_DIR; };
		C03A20122EBA98CF006472A2 /* test-bevy-embeddedTests.xctest */ = {isa = PBXFileReference; explicitFileType = wrapper.cfbundle; includeInIndex = 0; path = "test-bevy-embeddedTests.xctest"; sourceTree = BUILT_PRODUCTS_DIR; };
		C03A201C2EBA98CF006472A2 /* test-bevy-embeddedUITests.xctest */ = {isa = PBXFileReference; explicitFileType = wrapper.cfbundle; includeInIndex = 0; path = "test-bevy-embeddedUITests.xctest"; sourceTree = BUILT_PRODUCTS_DIR; };
		C042927C2EC0BFB3005CFE8C /* libbevy_mobile_embedded_example.dylib */ = {isa = PBXFileReference; lastKnownFileType = "compiled.mach-o.dylib"; name = libbevy_mobile_embedded_example.dylib; path = "../../../../../Library/Developer/Xcode/DerivedData/test-bevy-embedded-bsungmtnuduzwrcwutludbouuzbk/Index.noindex/Build/Products/Debug-iphonesimulator/libbevy_mobile_embedded_example.dylib"; sourceTree = "<group>"; };
		C042EB382EBAADD000CD02B8 /* AudioToolbox.framework */ = {isa = PBXFileReference; lastKnownFileType = wrapper.framework; name = AudioToolbox.framework; path = System/Library/Frameworks/AudioToolbox.framework; sourceTree = SDKROOT; };
		C0F24CB32EBBDA4900439A98 /* Metal.framework */ = {isa = PBXFileReference; lastKnownFileType = wrapper.framework; name = Metal.framework; path = System/Library/Frameworks/Metal.framework; sourceTree = SDKROOT; };
		C0F24CB42EBBDA4900439A98 /* MetalKit.framework */ = {isa = PBXFileReference; lastKnownFileType = wrapper.framework; name = MetalKit.framework; path = System/Library/Frameworks/MetalKit.framework; sourceTree = SDKROOT; };
		C0F24CB72EBBDA4F00439A98 /* UIKit.framework */ = {isa = PBXFileReference; lastKnownFileType = wrapper.framework; name = UIKit.framework; path = System/Library/Frameworks/UIKit.framework; sourceTree = SDKROOT; };
		C0F24CB92EBBDA5600439A98 /* QuartzCore.framework */ = {isa = PBXFileReference; lastKnownFileType = wrapper.framework; name = QuartzCore.framework; path = System/Library/Frameworks/QuartzCore.framework; sourceTree = SDKROOT; };
/* End PBXFileReference section */

/* Begin PBXFileSystemSynchronizedBuildFileExceptionSet section */
		C0D156012EBC0B330089A1CF /* Exceptions for "test-bevy-embedded" folder in "test-bevy-embedded" target */ = {
			isa = PBXFileSystemSynchronizedBuildFileExceptionSet;
			membershipExceptions = (
				libbevy_mobile_embedded_example.dylib,
			);
			target = C03A20042EBA98CD006472A2 /* test-bevy-embedded */;
		};
/* End PBXFileSystemSynchronizedBuildFileExceptionSet section */

/* Begin PBXFileSystemSynchronizedRootGroup section */
		C03A20072EBA98CD006472A2 /* test-bevy-embedded */ = {
			isa = PBXFileSystemSynchronizedRootGroup;
			exceptions = (
				C0D156012EBC0B330089A1CF /* Exceptions for "test-bevy-embedded" folder in "test-bevy-embedded" target */,
			);
			path = "test-bevy-embedded";
			sourceTree = "<group>";
		};
		C03A20152EBA98CF006472A2 /* test-bevy-embeddedTests */ = {
			isa = PBXFileSystemSynchronizedRootGroup;
			path = "test-bevy-embeddedTests";
			sourceTree = "<group>";
		};
		C03A201F2EBA98CF006472A2 /* test-bevy-embeddedUITests */ = {
			isa = PBXFileSystemSynchronizedRootGroup;
			path = "test-bevy-embeddedUITests";
			sourceTree = "<group>";
		};
/* End PBXFileSystemSynchronizedRootGroup section */

/* Begin PBXFrameworksBuildPhase section */
		C03A20022EBA98CD006472A2 /* Frameworks */ = {
			isa = PBXFrameworksBuildPhase;
			buildActionMask = 2147483647;
			files = (
				C0F24CBA2EBBDA5600439A98 /* QuartzCore.framework in Frameworks */,
				C0F24CB82EBBDA4F00439A98 /* UIKit.framework in Frameworks */,
				C0F24CB52EBBDA4900439A98 /* Metal.framework in Frameworks */,
				C042927D2EC0BFB3005CFE8C /* libbevy_mobile_embedded_example.dylib in Frameworks */,
				C0F24CB62EBBDA4900439A98 /* MetalKit.framework in Frameworks */,
				C042EB392EBAADD000CD02B8 /* AudioToolbox.framework in Frameworks */,
			);
			runOnlyForDeploymentPostprocessing = 0;
		};
		C03A200F2EBA98CF006472A2 /* Frameworks */ = {
			isa = PBXFrameworksBuildPhase;
			buildActionMask = 2147483647;
			files = (
			);
			runOnlyForDeploymentPostprocessing = 0;
		};
		C03A20192EBA98CF006472A2 /* Frameworks */ = {
			isa = PBXFrameworksBuildPhase;
			buildActionMask = 2147483647;
			files = (
			);
			runOnlyForDeploymentPostprocessing = 0;
		};
/* End PBXFrameworksBuildPhase section */

/* Begin PBXGroup section */
		C03A1FFC2EBA98CD006472A2 = {
			isa = PBXGroup;
			children = (
				C03A20072EBA98CD006472A2 /* test-bevy-embedded */,
				C03A20152EBA98CF006472A2 /* test-bevy-embeddedTests */,
				C03A201F2EBA98CF006472A2 /* test-bevy-embeddedUITests */,
				C042EB372EBAADD000CD02B8 /* Frameworks */,
				C03A20062EBA98CD006472A2 /* Products */,
			);
			sourceTree = "<group>";
		};
		C03A20062EBA98CD006472A2 /* Products */ = {
			isa = PBXGroup;
			children = (
				C03A20052EBA98CD006472A2 /* test-bevy-embedded.app */,
				C03A20122EBA98CF006472A2 /* test-bevy-embeddedTests.xctest */,
				C03A201C2EBA98CF006472A2 /* test-bevy-embeddedUITests.xctest */,
			);
			name = Products;
			sourceTree = "<group>";
		};
		C042EB372EBAADD000CD02B8 /* Frameworks */ = {
			isa = PBXGroup;
			children = (
				C042927C2EC0BFB3005CFE8C /* libbevy_mobile_embedded_example.dylib */,
				C0F24CB92EBBDA5600439A98 /* QuartzCore.framework */,
				C0F24CB72EBBDA4F00439A98 /* UIKit.framework */,
				C0F24CB32EBBDA4900439A98 /* Metal.framework */,
				C0F24CB42EBBDA4900439A98 /* MetalKit.framework */,
				C042EB382EBAADD000CD02B8 /* AudioToolbox.framework */,
			);
			name = Frameworks;
			sourceTree = "<group>";
		};
/* End PBXGroup section */

/* Begin PBXNativeTarget section */
		C03A20042EBA98CD006472A2 /* test-bevy-embedded */ = {
			isa = PBXNativeTarget;
			buildConfigurationList = C03A20262EBA98CF006472A2 /* Build configuration list for PBXNativeTarget "test-bevy-embedded" */;
			buildPhases = (
				C0F24CB22EBBD9AD00439A98 /* ShellScript */,
				C03A20012EBA98CD006472A2 /* Sources */,
				C03A20022EBA98CD006472A2 /* Frameworks */,
				C03A20032EBA98CD006472A2 /* Resources */,
				C0D155F02EBBE2290089A1CF /* Embed Libraries */,
			);
			buildRules = (
			);
			dependencies = (
			);
			fileSystemSynchronizedGroups = (
				C03A20072EBA98CD006472A2 /* test-bevy-embedded */,
			);
			name = "test-bevy-embedded";
			packageProductDependencies = (
			);
			productName = "test-bevy-embedded";
			productReference = C03A20052EBA98CD006472A2 /* test-bevy-embedded.app */;
			productType = "com.apple.product-type.application";
		};
		C03A20112EBA98CF006472A2 /* test-bevy-embeddedTests */ = {
			isa = PBXNativeTarget;
			buildConfigurationList = C03A20292EBA98CF006472A2 /* Build configuration list for PBXNativeTarget "test-bevy-embeddedTests" */;
			buildPhases = (
				C03A200E2EBA98CF006472A2 /* Sources */,
				C03A200F2EBA98CF006472A2 /* Frameworks */,
				C03A20102EBA98CF006472A2 /* Resources */,
			);
			buildRules = (
			);
			dependencies = (
				C03A20142EBA98CF006472A2 /* PBXTargetDependency */,
			);
			fileSystemSynchronizedGroups = (
				C03A20152EBA98CF006472A2 /* test-bevy-embeddedTests */,
			);
			name = "test-bevy-embeddedTests";
			packageProductDependencies = (
			);
			productName = "test-bevy-embeddedTests";
			productReference = C03A20122EBA98CF006472A2 /* test-bevy-embeddedTests.xctest */;
			productType = "com.apple.product-type.bundle.unit-test";
		};
		C03A201B2EBA98CF006472A2 /* test-bevy-embeddedUITests */ = {
			isa = PBXNativeTarget;
			buildConfigurationList = C03A202C2EBA98CF006472A2 /* Build configuration list for PBXNativeTarget "test-bevy-embeddedUITests" */;
			buildPhases = (
				C03A20182EBA98CF006472A2 /* Sources */,
				C03A20192EBA98CF006472A2 /* Frameworks */,
				C03A201A2EBA98CF006472A2 /* Resources */,
			);
			buildRules = (
			);
			dependencies = (
				C03A201E2EBA98CF006472A2 /* PBXTargetDependency */,
			);
			fileSystemSynchronizedGroups = (
				C03A201F2EBA98CF006472A2 /* test-bevy-embeddedUITests */,
			);
			name = "test-bevy-embeddedUITests";
			packageProductDependencies = (
			);
			productName = "test-bevy-embeddedUITests";
			productReference = C03A201C2EBA98CF006472A2 /* test-bevy-embeddedUITests.xctest */;
			productType = "com.apple.product-type.bundle.ui-testing";
		};
/* End PBXNativeTarget section */

/* Begin PBXProject section */
		C03A1FFD2EBA98CD006472A2 /* Project object */ = {
			isa = PBXProject;
			attributes = {
				BuildIndependentTargetsInParallel = 1;
				LastSwiftUpdateCheck = 2600;
				LastUpgradeCheck = 2600;
				TargetAttributes = {
					C03A20042EBA98CD006472A2 = {
						CreatedOnToolsVersion = 26.0;
					};
					C03A20112EBA98CF006472A2 = {
						CreatedOnToolsVersion = 26.0;
						TestTargetID = C03A20042EBA98CD006472A2;
					};
					C03A201B2EBA98CF006472A2 = {
						CreatedOnToolsVersion = 26.0;
						TestTargetID = C03A20042EBA98CD006472A2;
					};
				};
			};
			buildConfigurationList = C03A20002EBA98CD006472A2 /* Build configuration list for PBXProject "test-bevy-embedded" */;
			developmentRegion = en;
			hasScannedForEncodings = 0;
			knownRegions = (
				en,
				Base,
			);
			mainGroup = C03A1FFC2EBA98CD006472A2;
			minimizedProjectReferenceProxies = 1;
			preferredProjectObjectVersion = 77;
			productRefGroup = C03A20062EBA98CD006472A2 /* Products */;
			projectDirPath = "";
			projectRoot = "";
			targets = (
				C03A20042EBA98CD006472A2 /* test-bevy-embedded */,
				C03A20112EBA98CF006472A2 /* test-bevy-embeddedTests */,
				C03A201B2EBA98CF006472A2 /* test-bevy-embeddedUITests */,
			);
		};
/* End PBXProject section */

/* Begin PBXResourcesBuildPhase section */
		C03A20032EBA98CD006472A2 /* Resources */ = {
			isa = PBXResourcesBuildPhase;
			buildActionMask = 2147483647;
			files = (
			);
			runOnlyForDeploymentPostprocessing = 0;
		};
		C03A20102EBA98CF006472A2 /* Resources */ = {
			isa = PBXResourcesBuildPhase;
			buildActionMask = 2147483647;
			files = (
			);
			runOnlyForDeploymentPostprocessing = 0;
		};
		C03A201A2EBA98CF006472A2 /* Resources */ = {
			isa = PBXResourcesBuildPhase;
			buildActionMask = 2147483647;
			files = (
			);
			runOnlyForDeploymentPostprocessing = 0;
		};
/* End PBXResourcesBuildPhase section */

/* Begin PBXShellScriptBuildPhase section */
		C0F24CB22EBBD9AD00439A98 /* ShellScript */ = {
			isa = PBXShellScriptBuildPhase;
			alwaysOutOfDate = 1;
			buildActionMask = 2147483647;
			files = (
			);
			inputFileListPaths = (
			);
			inputPaths = (
			);
			outputFileListPaths = (
			);
			outputPaths = (
				"$(BUILT_PRODUCTS_DIR)/libbevy_mobile_embedded_example.dylib",
			);
			runOnlyForDeploymentPostprocessing = 0;
			shellPath = /bin/sh;
			shellScript = "bash \"${PROJECT_DIR}/../build_rust_deps.sh\"\n";
		};
/* End PBXShellScriptBuildPhase section */

/* Begin PBXSourcesBuildPhase section */
		C03A20012EBA98CD006472A2 /* Sources */ = {
			isa = PBXSourcesBuildPhase;
			buildActionMask = 2147483647;
			files = (
			);
			runOnlyForDeploymentPostprocessing = 0;
		};
		C03A200E2EBA98CF006472A2 /* Sources */ = {
			isa = PBXSourcesBuildPhase;
			buildActionMask = 2147483647;
			files = (
			);
			runOnlyForDeploymentPostprocessing = 0;
		};
		C03A20182EBA98CF006472A2 /* Sources */ = {
			isa = PBXSourcesBuildPhase;
			buildActionMask = 2147483647;
			files = (
			);
			runOnlyForDeploymentPostprocessing = 0;
		};
/* End PBXSourcesBuildPhase section */

/* Begin PBXTargetDependency section */
		C03A20142EBA98CF006472A2 /* PBXTargetDependency */ = {
			isa = PBXTargetDependency;
			target = C03A20042EBA98CD006472A2 /* test-bevy-embedded */;
			targetProxy = C03A20132EBA98CF006472A2 /* PBXContainerItemProxy */;
		};
		C03A201E2EBA98CF006472A2 /* PBXTargetDependency */ = {
			isa = PBXTargetDependency;
			target = C03A20042EBA98CD006472A2 /* test-bevy-embedded */;
			targetProxy = C03A201D2EBA98CF006472A2 /* PBXContainerItemProxy */;
		};
/* End PBXTargetDependency section */

/* Begin XCBuildConfiguration section */
		C03A20242EBA98CF006472A2 /* Debug */ = {
			isa = XCBuildConfiguration;
			buildSettings = {
				ALWAYS_SEARCH_USER_PATHS = NO;
				ASSETCATALOG_COMPILER_GENERATE_SWIFT_ASSET_SYMBOL_EXTENSIONS = YES;
				CLANG_ANALYZER_NONNULL = YES;
				CLANG_ANALYZER_NUMBER_OBJECT_CONVERSION = YES_AGGRESSIVE;
				CLANG_CXX_LANGUAGE_STANDARD = "gnu++20";
				CLANG_ENABLE_MODULES = YES;
				CLANG_ENABLE_OBJC_ARC = YES;
				CLANG_ENABLE_OBJC_WEAK = YES;
				CLANG_WARN_BLOCK_CAPTURE_AUTORELEASING = YES;
				CLANG_WARN_BOOL_CONVERSION = YES;
				CLANG_WARN_COMMA = YES;
				CLANG_WARN_CONSTANT_CONVERSION = YES;
				CLANG_WARN_DEPRECATED_OBJC_IMPLEMENTATIONS = YES;
				CLANG_WARN_DIRECT_OBJC_ISA_USAGE = YES_ERROR;
				CLANG_WARN_DOCUMENTATION_COMMENTS = YES;
				CLANG_WARN_EMPTY_BODY = YES;
				CLANG_WARN_ENUM_CONVERSION = YES;
				CLANG_WARN_INFINITE_RECURSION = YES;
				CLANG_WARN_INT_CONVERSION = YES;
				CLANG_WARN_NON_LITERAL_NULL_CONVERSION = YES;
				CLANG_WARN_OBJC_IMPLICIT_RETAIN_SELF = YES;
				CLANG_WARN_OBJC_LITERAL_CONVERSION = YES;
				CLANG_WARN_OBJC_ROOT_CLASS = YES_ERROR;
				CLANG_WARN_QUOTED_INCLUDE_IN_FRAMEWORK_HEADER = YES;
				CLANG_WARN_RANGE_LOOP_ANALYSIS = YES;
				CLANG_WARN_STRICT_PROTOTYPES = YES;
				CLANG_WARN_SUSPICIOUS_MOVE = YES;
				CLANG_WARN_UNGUARDED_AVAILABILITY = YES_AGGRESSIVE;
				CLANG_WARN_UNREACHABLE_CODE = YES;
				CLANG_WARN__DUPLICATE_METHOD_MATCH = YES;
				COPY_PHASE_STRIP = NO;
				DEBUG_INFORMATION_FORMAT = dwarf;
				DEVELOPMENT_TEAM = YTS4UEEUWQ;
				ENABLE_STRICT_OBJC_MSGSEND = YES;
				ENABLE_TESTABILITY = YES;
				ENABLE_USER_SCRIPT_SANDBOXING = YES;
				GCC_C_LANGUAGE_STANDARD = gnu17;
				GCC_DYNAMIC_NO_PIC = NO;
				GCC_NO_COMMON_BLOCKS = YES;
				GCC_OPTIMIZATION_LEVEL = 0;
				GCC_PREPROCESSOR_DEFINITIONS = (
					"DEBUG=1",
					"$(inherited)",
				);
				GCC_WARN_64_TO_32_BIT_CONVERSION = YES;
				GCC_WARN_ABOUT_RETURN_TYPE = YES_ERROR;
				GCC_WARN_UNDECLARED_SELECTOR = YES;
				GCC_WARN_UNINITIALIZED_AUTOS = YES_AGGRESSIVE;
				GCC_WARN_UNUSED_FUNCTION = YES;
				GCC_WARN_UNUSED_VARIABLE = YES;
				IPHONEOS_DEPLOYMENT_TARGET = 26.0;
				LOCALIZATION_PREFERS_STRING_CATALOGS = YES;
				MTL_ENABLE_DEBUG_INFO = INCLUDE_SOURCE;
				MTL_FAST_MATH = YES;
				ONLY_ACTIVE_ARCH = YES;
				SDKROOT = iphoneos;
				SWIFT_ACTIVE_COMPILATION_CONDITIONS = "DEBUG $(inherited)";
				SWIFT_OPTIMIZATION_LEVEL = "-Onone";
			};
			name = Debug;
		};
		C03A20252EBA98CF006472A2 /* Release */ = {
			isa = XCBuildConfiguration;
			buildSettings = {
				ALWAYS_SEARCH_USER_PATHS = NO;
				ASSETCATALOG_COMPILER_GENERATE_SWIFT_ASSET_SYMBOL_EXTENSIONS = YES;
				CLANG_ANALYZER_NONNULL = YES;
				CLANG_ANALYZER_NUMBER_OBJECT_CONVERSION = YES_AGGRESSIVE;
				CLANG_CXX_LANGUAGE_STANDARD = "gnu++20";
				CLANG_ENABLE_MODULES = YES;
				CLANG_ENABLE_OBJC_ARC = YES;
				CLANG_ENABLE_OBJC_WEAK = YES;
				CLANG_WARN_BLOCK_CAPTURE_AUTORELEASING = YES;
				CLANG_WARN_BOOL_CONVERSION = YES;
				CLANG_WARN_COMMA = YES;
				CLANG_WARN_CONSTANT_CONVERSION = YES;
				CLANG_WARN_DEPRECATED_OBJC_IMPLEMENTATIONS = YES;
				CLANG_WARN_DIRECT_OBJC_ISA_USAGE = YES_ERROR;
				CLANG_WARN_DOCUMENTATION_COMMENTS = YES;
				CLANG_WARN_EMPTY_BODY = YES;
				CLANG_WARN_ENUM_CONVERSION = YES;
				CLANG_WARN_INFINITE_RECURSION = YES;
				CLANG_WARN_INT_CONVERSION = YES;
				CLANG_WARN_NON_LITERAL_NULL_CONVERSION = YES;
				CLANG_WARN_OBJC_IMPLICIT_RETAIN_SELF = YES;
				CLANG_WARN_OBJC_LITERAL_CONVERSION = YES;
				CLANG_WARN_OBJC_ROOT_CLASS = YES_ERROR;
				CLANG_WARN_QUOTED_INCLUDE_IN_FRAMEWORK_HEADER = YES;
				CLANG_WARN_RANGE_LOOP_ANALYSIS = YES;
				CLANG_WARN_STRICT_PROTOTYPES = YES;
				CLANG_WARN_SUSPICIOUS_MOVE = YES;
				CLANG_WARN_UNGUARDED_AVAILABILITY = YES_AGGRESSIVE;
				CLANG_WARN_UNREACHABLE_CODE = YES;
				CLANG_WARN__DUPLICATE_METHOD_MATCH = YES;
				COPY_PHASE_STRIP = NO;
				DEBUG_INFORMATION_FORMAT = "dwarf-with-dsym";
				DEVELOPMENT_TEAM = YTS4UEEUWQ;
				ENABLE_NS_ASSERTIONS = NO;
				ENABLE_STRICT_OBJC_MSGSEND = YES;
				ENABLE_USER_SCRIPT_SANDBOXING = YES;
				GCC_C_LANGUAGE_STANDARD = gnu17;
				GCC_NO_COMMON_BLOCKS = YES;
				GCC_WARN_64_TO_32_BIT_CONVERSION = YES;
				GCC_WARN_ABOUT_RETURN_TYPE = YES_ERROR;
				GCC_WARN_UNDECLARED_SELECTOR = YES;
				GCC_WARN_UNINITIALIZED_AUTOS = YES_AGGRESSIVE;
				GCC_WARN_UNUSED_FUNCTION = YES;
				GCC_WARN_UNUSED_VARIABLE = YES;
				IPHONEOS_DEPLOYMENT_TARGET = 26.0;
				LOCALIZATION_PREFERS_STRING_CATALOGS = YES;
				MTL_ENABLE_DEBUG_INFO = NO;
				MTL_FAST_MATH = YES;
				SDKROOT = iphoneos;
				SWIFT_COMPILATION_MODE = wholemodule;
				VALIDATE_PRODUCT = YES;
			};
			name = Release;
		};
		C03A20272EBA98CF006472A2 /* Debug */ = {
			isa = XCBuildConfiguration;
			buildSettings = {
				ASSETCATALOG_COMPILER_APPICON_NAME = AppIcon;
				ASSETCATALOG_COMPILER_GLOBAL_ACCENT_COLOR_NAME = AccentColor;
				CODE_SIGN_STYLE = Automatic;
				CURRENT_PROJECT_VERSION = 1;
				DEVELOPMENT_TEAM = YTS4UEEUWQ;
				ENABLE_PREVIEWS = YES;
				ENABLE_USER_SCRIPT_SANDBOXING = NO;
				GENERATE_INFOPLIST_FILE = YES;
				INFOPLIST_KEY_UIApplicationSceneManifest_Generation = YES;
				INFOPLIST_KEY_UIApplicationSupportsIndirectInputEvents = YES;
				INFOPLIST_KEY_UILaunchScreen_Generation = YES;
				INFOPLIST_KEY_UISupportedInterfaceOrientations_iPad = "UIInterfaceOrientationPortrait UIInterfaceOrientationPortraitUpsideDown UIInterfaceOrientationLandscapeLeft UIInterfaceOrientationLandscapeRight";
				INFOPLIST_KEY_UISupportedInterfaceOrientations_iPhone = "UIInterfaceOrientationPortrait UIInterfaceOrientationLandscapeLeft UIInterfaceOrientationLandscapeRight";
				LD_RUNPATH_SEARCH_PATHS = (
					"$(inherited)",
					"@executable_path/Frameworks",
				);
				LIBRARY_SEARCH_PATHS = (
					"$(inherited)",
					"$(PROJECT_DIR)/../build/ios",
					"$(PROJECT_DIR)",
					"$(PROJECT_DIR)/test-bevy-embedded",
				);
				MARKETING_VERSION = 1.0;
				OTHER_LDFLAGS = "$(inherited)";
				PRODUCT_BUNDLE_IDENTIFIER = "test.proto.test-bevy-embedded";
				PRODUCT_NAME = "$(TARGET_NAME)";
				STRING_CATALOG_GENERATE_SYMBOLS = YES;
				SWIFT_APPROACHABLE_CONCURRENCY = YES;
				SWIFT_DEFAULT_ACTOR_ISOLATION = MainActor;
				SWIFT_EMIT_LOC_STRINGS = YES;
				SWIFT_UPCOMING_FEATURE_MEMBER_IMPORT_VISIBILITY = YES;
				SWIFT_VERSION = 5.0;
				TARGETED_DEVICE_FAMILY = "1,2";
			};
			name = Debug;
		};
		C03A20282EBA98CF006472A2 /* Release */ = {
			isa = XCBuildConfiguration;
			buildSettings = {
				ASSETCATALOG_COMPILER_APPICON_NAME = AppIcon;
				ASSETCATALOG_COMPILER_GLOBAL_ACCENT_COLOR_NAME = AccentColor;
				CODE_SIGN_STYLE = Automatic;
				CURRENT_PROJECT_VERSION = 1;
				DEVELOPMENT_TEAM = YTS4UEEUWQ;
				ENABLE_PREVIEWS = YES;
				ENABLE_USER_SCRIPT_SANDBOXING = NO;
				GENERATE_INFOPLIST_FILE = YES;
				INFOPLIST_KEY_UIApplicationSceneManifest_Generation = YES;
				INFOPLIST_KEY_UIApplicationSupportsIndirectInputEvents = YES;
				INFOPLIST_KEY_UILaunchScreen_Generation = YES;
				INFOPLIST_KEY_UISupportedInterfaceOrientations_iPad = "UIInterfaceOrientationPortrait UIInterfaceOrientationPortraitUpsideDown UIInterfaceOrientationLandscapeLeft UIInterfaceOrientationLandscapeRight";
				INFOPLIST_KEY_UISupportedInterfaceOrientations_iPhone = "UIInterfaceOrientationPortrait UIInterfaceOrientationLandscapeLeft UIInterfaceOrientationLandscapeRight";
				LD_RUNPATH_SEARCH_PATHS = (
					"$(inherited)",
					"@executable_path/Frameworks",
				);
				LIBRARY_SEARCH_PATHS = (
					"$(inherited)",
					"$(PROJECT_DIR)/../build/ios",
					"$(PROJECT_DIR)",
					"$(PROJECT_DIR)/test-bevy-embedded",
				);
				MARKETING_VERSION = 1.0;
				OTHER_LDFLAGS = "$(inherited)";
				PRODUCT_BUNDLE_IDENTIFIER = "test.proto.test-bevy-embedded";
				PRODUCT_NAME = "$(TARGET_NAME)";
				STRING_CATALOG_GENERATE_SYMBOLS = YES;
				SWIFT_APPROACHABLE_CONCURRENCY = YES;
				SWIFT_DEFAULT_ACTOR_ISOLATION = MainActor;
				SWIFT_EMIT_LOC_STRINGS = YES;
				SWIFT_UPCOMING_FEATURE_MEMBER_IMPORT_VISIBILITY = YES;
				SWIFT_VERSION = 5.0;
				TARGETED_DEVICE_FAMILY = "1,2";
			};
			name = Release;
		};
		C03A202A2EBA98CF006472A2 /* Debug */ = {
			isa = XCBuildConfiguration;
			buildSettings = {
				BUNDLE_LOADER = "$(TEST_HOST)";
				CODE_SIGN_STYLE = Automatic;
				CURRENT_PROJECT_VERSION = 1;
				DEVELOPMENT_TEAM = YTS4UEEUWQ;
				GENERATE_INFOPLIST_FILE = YES;
				IPHONEOS_DEPLOYMENT_TARGET = 26.0;
				MARKETING_VERSION = 1.0;
				PRODUCT_BUNDLE_IDENTIFIER = "test.proto.test-bevy-embeddedTests";
				PRODUCT_NAME = "$(TARGET_NAME)";
				STRING_CATALOG_GENERATE_SYMBOLS = NO;
				SWIFT_APPROACHABLE_CONCURRENCY = YES;
				SWIFT_EMIT_LOC_STRINGS = NO;
				SWIFT_UPCOMING_FEATURE_MEMBER_IMPORT_VISIBILITY = YES;
				SWIFT_VERSION = 5.0;
				TARGETED_DEVICE_FAMILY = "1,2";
				TEST_HOST = "$(BUILT_PRODUCTS_DIR)/test-bevy-embedded.app/$(BUNDLE_EXECUTABLE_FOLDER_PATH)/test-bevy-embedded";
			};
			name = Debug;
		};
		C03A202B2EBA98CF006472A2 /* Release */ = {
			isa = XCBuildConfiguration;
			buildSettings = {
				BUNDLE_LOADER = "$(TEST_HOST)";
				CODE_SIGN_STYLE = Automatic;
				CURRENT_PROJECT_VERSION = 1;
				DEVELOPMENT_TEAM = YTS4UEEUWQ;
				GENERATE_INFOPLIST_FILE = YES;
				IPHONEOS_DEPLOYMENT_TARGET = 26.0;
				MARKETING_VERSION = 1.0;
				PRODUCT_BUNDLE_IDENTIFIER = "test.proto.test-bevy-embeddedTests";
				PRODUCT_NAME = "$(TARGET_NAME)";
				STRING_CATALOG_GENERATE_SYMBOLS = NO;
				SWIFT_APPROACHABLE_CONCURRENCY = YES;
				SWIFT_EMIT_LOC_STRINGS = NO;
				SWIFT_UPCOMING_FEATURE_MEMBER_IMPORT_VISIBILITY = YES;
				SWIFT_VERSION = 5.0;
				TARGETED_DEVICE_FAMILY = "1,2";
				TEST_HOST = "$(BUILT_PRODUCTS_DIR)/test-bevy-embedded.app/$(BUNDLE_EXECUTABLE_FOLDER_PATH)/test-bevy-embedded";
			};
			name = Release;
		};
		C03A202D2EBA98CF006472A2 /* Debug */ = {
			isa = XCBuildConfiguration;
			buildSettings = {
				CODE_SIGN_STYLE = Automatic;
				CURRENT_PROJECT_VERSION = 1;
				DEVELOPMENT_TEAM = YTS4UEEUWQ;
				GENERATE_INFOPLIST_FILE = YES;
				MARKETING_VERSION = 1.0;
				PRODUCT_BUNDLE_IDENTIFIER = "test.proto.test-bevy-embeddedUITests";
				PRODUCT_NAME = "$(TARGET_NAME)";
				STRING_CATALOG_GENERATE_SYMBOLS = NO;
				SWIFT_APPROACHABLE_CONCURRENCY = YES;
				SWIFT_EMIT_LOC_STRINGS = NO;
				SWIFT_UPCOMING_FEATURE_MEMBER_IMPORT_VISIBILITY = YES;
				SWIFT_VERSION = 5.0;
				TARGETED_DEVICE_FAMILY = "1,2";
				TEST_TARGET_NAME = "test-bevy-embedded";
			};
			name = Debug;
		};
		C03A202E2EBA98CF006472A2 /* Release */ = {
			isa = XCBuildConfiguration;
			buildSettings = {
				CODE_SIGN_STYLE = Automatic;
				CURRENT_PROJECT_VERSION = 1;
				DEVELOPMENT_TEAM = YTS4UEEUWQ;
				GENERATE_INFOPLIST_FILE = YES;
				MARKETING_VERSION = 1.0;
				PRODUCT_BUNDLE_IDENTIFIER = "test.proto.test-bevy-embeddedUITests";
				PRODUCT_NAME = "$(TARGET_NAME)";
				STRING_CATALOG_GENERATE_SYMBOLS = NO;
				SWIFT_APPROACHABLE_CONCURRENCY = YES;
				SWIFT_EMIT_LOC_STRINGS = NO;
				SWIFT_UPCOMING_FEATURE_MEMBER_IMPORT_VISIBILITY = YES;
				SWIFT_VERSION = 5.0;
				TARGETED_DEVICE_FAMILY = "1,2";
				TEST_TARGET_NAME = "test-bevy-embedded";
			};
			name = Release;
		};
/* End XCBuildConfiguration section */

/* Begin XCConfigurationList section */
		C03A20002EBA98CD006472A2 /* Build configuration list for PBXProject "test-bevy-embedded" */ = {
			isa = XCConfigurationList;
			buildConfigurations = (
				C03A20242EBA98CF006472A2 /* Debug */,
				C03A20252EBA98CF006472A2 /* Release */,
			);
			defaultConfigurationIsVisible = 0;
			defaultConfigurationName = Release;
		};
		C03A20262EBA98CF006472A2 /* Build configuration list for PBXNativeTarget "test-bevy-embedded" */ = {
			isa = XCConfigurationList;
			buildConfigurations = (
				C03A20272EBA98CF006472A2 /* Debug */,
				C03A20282EBA98CF006472A2 /* Release */,
			);
			defaultConfigurationIsVisible = 0;
			defaultConfigurationName = Release;
		};
		C03A20292EBA98CF006472A2 /* Build configuration list for PBXNativeTarget "test-bevy-embeddedTests" */ = {
			isa = XCConfigurationList;
			buildConfigurations = (
				C03A202A2EBA98CF006472A2 /* Debug */,
				C03A202B2EBA98CF006472A2 /* Release */,
			);
			defaultConfigurationIsVisible = 0;
			defaultConfigurationName = Release;
		};
		C03A202C2EBA98CF006472A2 /* Build configuration list for PBXNativeTarget "test-bevy-embeddedUITests" */ = {
			isa = XCConfigurationList;
			buildConfigurations = (
				C03A202D2EBA98CF006472A2 /* Debug */,
				C03A202E2EBA98CF006472A2 /* Release */,
			);
			defaultConfigurationIsVisible = 0;
			defaultConfigurationName = Release;
		};
/* End XCConfigurationList section */
	};
	rootObject = C03A1FFD2EBA98CD006472A2 /* Project object */;
}
